// !$*UTF8*$!
{
	archiveVersion = 1;
	classes = {
	};
	objectVersion = 56;
	objects = {

/* Begin PBXBuildFile section */
		E02345082BCDB62C00CE13B2 /* ProgressHUD in Frameworks */ = {isa = PBXBuildFile; productRef = E02345072BCDB62C00CE13B2 /* ProgressHUD */; };
		E023450B2BCF0F9A00CE13B2 /* UIBlockingProgressHUD.swift in Sources */ = {isa = PBXBuildFile; fileRef = E023450A2BCF0F9A00CE13B2 /* UIBlockingProgressHUD.swift */; };
		E023450E2BD050B700CE13B2 /* ProfileService.swift in Sources */ = {isa = PBXBuildFile; fileRef = E023450D2BD050B700CE13B2 /* ProfileService.swift */; };
		E02345102BD0519F00CE13B2 /* MeResponseBody.swift in Sources */ = {isa = PBXBuildFile; fileRef = E023450F2BD0519F00CE13B2 /* MeResponseBody.swift */; };
		E02345122BD0534E00CE13B2 /* Profile.swift in Sources */ = {isa = PBXBuildFile; fileRef = E02345112BD0534E00CE13B2 /* Profile.swift */; };
		E02345152BD3A02700CE13B2 /* ProfileImageService.swift in Sources */ = {isa = PBXBuildFile; fileRef = E02345142BD3A02700CE13B2 /* ProfileImageService.swift */; };
		E02345172BD3A89000CE13B2 /* PublicUserProfile.swift in Sources */ = {isa = PBXBuildFile; fileRef = E02345162BD3A89000CE13B2 /* PublicUserProfile.swift */; };
		E023451A2BDD7C3B00CE13B2 /* AlertPresenter.swift in Sources */ = {isa = PBXBuildFile; fileRef = E02345192BDD7C3B00CE13B2 /* AlertPresenter.swift */; };
		E0573E2A2BDE669100258262 /* Kingfisher in Frameworks */ = {isa = PBXBuildFile; productRef = E0573E292BDE669100258262 /* Kingfisher */; };
		E0573E2D2BDE94E300258262 /* SwiftKeychainWrapper in Frameworks */ = {isa = PBXBuildFile; productRef = E0573E2C2BDE94E300258262 /* SwiftKeychainWrapper */; };
		E0573E302BDEA1D300258262 /* TabBarController.swift in Sources */ = {isa = PBXBuildFile; fileRef = E0573E2F2BDEA1D300258262 /* TabBarController.swift */; };
		E0573E322BE95E1500258262 /* PhotoResult.swift in Sources */ = {isa = PBXBuildFile; fileRef = E0573E312BE95E1500258262 /* PhotoResult.swift */; };
		E0573E342BE95EE900258262 /* Photos.swift in Sources */ = {isa = PBXBuildFile; fileRef = E0573E332BE95EE900258262 /* Photos.swift */; };
		E0573E362BE95F6300258262 /* ImagesListService.swift in Sources */ = {isa = PBXBuildFile; fileRef = E0573E352BE95F6300258262 /* ImagesListService.swift */; };
		E084696F2B91118500D5B87C /* AppDelegate.swift in Sources */ = {isa = PBXBuildFile; fileRef = E084696E2B91118500D5B87C /* AppDelegate.swift */; };
		E08469712B91118500D5B87C /* SceneDelegate.swift in Sources */ = {isa = PBXBuildFile; fileRef = E08469702B91118500D5B87C /* SceneDelegate.swift */; };
		E08469732B91118500D5B87C /* ImagesListViewController.swift in Sources */ = {isa = PBXBuildFile; fileRef = E08469722B91118500D5B87C /* ImagesListViewController.swift */; };
		E08469762B91118500D5B87C /* Main.storyboard in Resources */ = {isa = PBXBuildFile; fileRef = E08469742B91118500D5B87C /* Main.storyboard */; };
		E08469782B91118600D5B87C /* Assets.xcassets in Resources */ = {isa = PBXBuildFile; fileRef = E08469772B91118600D5B87C /* Assets.xcassets */; };
		E084697B2B91118600D5B87C /* LaunchScreen.storyboard in Resources */ = {isa = PBXBuildFile; fileRef = E08469792B91118600D5B87C /* LaunchScreen.storyboard */; };
		E08469A42B9E18AC00D5B87C /* ImagesListCell.swift in Sources */ = {isa = PBXBuildFile; fileRef = E08469A32B9E18AC00D5B87C /* ImagesListCell.swift */; };
		E0C6E63F2BA4CC3A00FE1048 /* ProfileViewController.swift in Sources */ = {isa = PBXBuildFile; fileRef = E0C6E63E2BA4CC3A00FE1048 /* ProfileViewController.swift */; };
		E0C6E6432BA74E2E00FE1048 /* SingleImageViewController.swift in Sources */ = {isa = PBXBuildFile; fileRef = E0C6E6422BA74E2E00FE1048 /* SingleImageViewController.swift */; };
		E0C6E6452BB7F01200FE1048 /* Constants.swift in Sources */ = {isa = PBXBuildFile; fileRef = E0C6E6442BB7F01200FE1048 /* Constants.swift */; };
		E0C6E6482BBC73C300FE1048 /* AuthViewController.swift in Sources */ = {isa = PBXBuildFile; fileRef = E0C6E6472BBC73C300FE1048 /* AuthViewController.swift */; };
		E0C6E64A2BBC92AB00FE1048 /* WebViewViewController.swift in Sources */ = {isa = PBXBuildFile; fileRef = E0C6E6492BBC92AB00FE1048 /* WebViewViewController.swift */; };
		E0C6E6502BC06AA000FE1048 /* AuthProtocol.swift in Sources */ = {isa = PBXBuildFile; fileRef = E0C6E64F2BC06AA000FE1048 /* AuthProtocol.swift */; };
		E0C6E6532BC1876300FE1048 /* OAuth2Service.swift in Sources */ = {isa = PBXBuildFile; fileRef = E0C6E6522BC1876300FE1048 /* OAuth2Service.swift */; };
		E0C6E6562BC321B500FE1048 /* URLSession+data+extension.swift in Sources */ = {isa = PBXBuildFile; fileRef = E0C6E6552BC321B500FE1048 /* URLSession+data+extension.swift */; };
		E0C6E6592BC32C3200FE1048 /* OAuthTokenResponseBody.swift in Sources */ = {isa = PBXBuildFile; fileRef = E0C6E6582BC32C3200FE1048 /* OAuthTokenResponseBody.swift */; };
		E0C6E65B2BC8632C00FE1048 /* OAuth2TokenStorage.swift in Sources */ = {isa = PBXBuildFile; fileRef = E0C6E65A2BC8632C00FE1048 /* OAuth2TokenStorage.swift */; };
		E0C6E65D2BCA628900FE1048 /* SplashViewController.swift in Sources */ = {isa = PBXBuildFile; fileRef = E0C6E65C2BCA628900FE1048 /* SplashViewController.swift */; };
		E0C6E6632BCAACE800FE1048 /* AuthViewControllerDelegate.swift in Sources */ = {isa = PBXBuildFile; fileRef = E0C6E6622BCAACE800FE1048 /* AuthViewControllerDelegate.swift */; };
/* End PBXBuildFile section */

/* Begin PBXContainerItemProxy section */
		E0573E3F2BEAB34E00258262 /* PBXContainerItemProxy */ = {
			isa = PBXContainerItemProxy;
			containerPortal = E08469632B91118500D5B87C /* Project object */;
			proxyType = 1;
			remoteGlobalIDString = E084696A2B91118500D5B87C;
			remoteInfo = ImageFeed;
		};
/* End PBXContainerItemProxy section */

/* Begin PBXFileReference section */
		E023450A2BCF0F9A00CE13B2 /* UIBlockingProgressHUD.swift */ = {isa = PBXFileReference; lastKnownFileType = sourcecode.swift; path = UIBlockingProgressHUD.swift; sourceTree = "<group>"; };
		E023450D2BD050B700CE13B2 /* ProfileService.swift */ = {isa = PBXFileReference; lastKnownFileType = sourcecode.swift; path = ProfileService.swift; sourceTree = "<group>"; };
		E023450F2BD0519F00CE13B2 /* MeResponseBody.swift */ = {isa = PBXFileReference; lastKnownFileType = sourcecode.swift; path = MeResponseBody.swift; sourceTree = "<group>"; };
		E02345112BD0534E00CE13B2 /* Profile.swift */ = {isa = PBXFileReference; lastKnownFileType = sourcecode.swift; path = Profile.swift; sourceTree = "<group>"; };
		E02345142BD3A02700CE13B2 /* ProfileImageService.swift */ = {isa = PBXFileReference; lastKnownFileType = sourcecode.swift; path = ProfileImageService.swift; sourceTree = "<group>"; };
		E02345162BD3A89000CE13B2 /* PublicUserProfile.swift */ = {isa = PBXFileReference; lastKnownFileType = sourcecode.swift; path = PublicUserProfile.swift; sourceTree = "<group>"; };
		E02345192BDD7C3B00CE13B2 /* AlertPresenter.swift */ = {isa = PBXFileReference; lastKnownFileType = sourcecode.swift; path = AlertPresenter.swift; sourceTree = "<group>"; };
		E0573E2F2BDEA1D300258262 /* TabBarController.swift */ = {isa = PBXFileReference; lastKnownFileType = sourcecode.swift; path = TabBarController.swift; sourceTree = "<group>"; };
		E0573E312BE95E1500258262 /* PhotoResult.swift */ = {isa = PBXFileReference; lastKnownFileType = sourcecode.swift; path = PhotoResult.swift; sourceTree = "<group>"; };
		E0573E332BE95EE900258262 /* Photos.swift */ = {isa = PBXFileReference; lastKnownFileType = sourcecode.swift; path = Photos.swift; sourceTree = "<group>"; };
		E0573E352BE95F6300258262 /* ImagesListService.swift */ = {isa = PBXFileReference; lastKnownFileType = sourcecode.swift; path = ImagesListService.swift; sourceTree = "<group>"; };
		E0573E3B2BEAB34E00258262 /* ImageFeedTests.xctest */ = {isa = PBXFileReference; explicitFileType = wrapper.cfbundle; includeInIndex = 0; path = ImageFeedTests.xctest; sourceTree = BUILT_PRODUCTS_DIR; };
		E084696B2B91118500D5B87C /* ImageFeed.app */ = {isa = PBXFileReference; explicitFileType = wrapper.application; includeInIndex = 0; path = ImageFeed.app; sourceTree = BUILT_PRODUCTS_DIR; };
		E084696E2B91118500D5B87C /* AppDelegate.swift */ = {isa = PBXFileReference; lastKnownFileType = sourcecode.swift; path = AppDelegate.swift; sourceTree = "<group>"; };
		E08469702B91118500D5B87C /* SceneDelegate.swift */ = {isa = PBXFileReference; lastKnownFileType = sourcecode.swift; path = SceneDelegate.swift; sourceTree = "<group>"; };
		E08469722B91118500D5B87C /* ImagesListViewController.swift */ = {isa = PBXFileReference; lastKnownFileType = sourcecode.swift; path = ImagesListViewController.swift; sourceTree = "<group>"; };
		E08469752B91118500D5B87C /* Base */ = {isa = PBXFileReference; lastKnownFileType = file.storyboard; name = Base; path = Base.lproj/Main.storyboard; sourceTree = "<group>"; };
		E08469772B91118600D5B87C /* Assets.xcassets */ = {isa = PBXFileReference; lastKnownFileType = folder.assetcatalog; path = Assets.xcassets; sourceTree = "<group>"; };
		E084697A2B91118600D5B87C /* Base */ = {isa = PBXFileReference; lastKnownFileType = file.storyboard; name = Base; path = Base.lproj/LaunchScreen.storyboard; sourceTree = "<group>"; };
		E084697C2B91118600D5B87C /* Info.plist */ = {isa = PBXFileReference; lastKnownFileType = text.plist.xml; path = Info.plist; sourceTree = "<group>"; };
		E08469A32B9E18AC00D5B87C /* ImagesListCell.swift */ = {isa = PBXFileReference; lastKnownFileType = sourcecode.swift; path = ImagesListCell.swift; sourceTree = "<group>"; };
		E0C6E63E2BA4CC3A00FE1048 /* ProfileViewController.swift */ = {isa = PBXFileReference; lastKnownFileType = sourcecode.swift; path = ProfileViewController.swift; sourceTree = "<group>"; };
		E0C6E6422BA74E2E00FE1048 /* SingleImageViewController.swift */ = {isa = PBXFileReference; lastKnownFileType = sourcecode.swift; path = SingleImageViewController.swift; sourceTree = "<group>"; };
		E0C6E6442BB7F01200FE1048 /* Constants.swift */ = {isa = PBXFileReference; lastKnownFileType = sourcecode.swift; path = Constants.swift; sourceTree = "<group>"; };
		E0C6E6472BBC73C300FE1048 /* AuthViewController.swift */ = {isa = PBXFileReference; lastKnownFileType = sourcecode.swift; path = AuthViewController.swift; sourceTree = "<group>"; };
		E0C6E6492BBC92AB00FE1048 /* WebViewViewController.swift */ = {isa = PBXFileReference; lastKnownFileType = sourcecode.swift; path = WebViewViewController.swift; sourceTree = "<group>"; };
		E0C6E64F2BC06AA000FE1048 /* AuthProtocol.swift */ = {isa = PBXFileReference; lastKnownFileType = sourcecode.swift; path = AuthProtocol.swift; sourceTree = "<group>"; };
		E0C6E6522BC1876300FE1048 /* OAuth2Service.swift */ = {isa = PBXFileReference; lastKnownFileType = sourcecode.swift; path = OAuth2Service.swift; sourceTree = "<group>"; };
		E0C6E6552BC321B500FE1048 /* URLSession+data+extension.swift */ = {isa = PBXFileReference; lastKnownFileType = sourcecode.swift; path = "URLSession+data+extension.swift"; sourceTree = "<group>"; };
		E0C6E6582BC32C3200FE1048 /* OAuthTokenResponseBody.swift */ = {isa = PBXFileReference; lastKnownFileType = sourcecode.swift; path = OAuthTokenResponseBody.swift; sourceTree = "<group>"; };
		E0C6E65A2BC8632C00FE1048 /* OAuth2TokenStorage.swift */ = {isa = PBXFileReference; lastKnownFileType = sourcecode.swift; path = OAuth2TokenStorage.swift; sourceTree = "<group>"; };
		E0C6E65C2BCA628900FE1048 /* SplashViewController.swift */ = {isa = PBXFileReference; lastKnownFileType = sourcecode.swift; path = SplashViewController.swift; sourceTree = "<group>"; };
		E0C6E6622BCAACE800FE1048 /* AuthViewControllerDelegate.swift */ = {isa = PBXFileReference; lastKnownFileType = sourcecode.swift; path = AuthViewControllerDelegate.swift; sourceTree = "<group>"; };
/* End PBXFileReference section */

/* Begin PBXFrameworksBuildPhase section */
		E0573E382BEAB34E00258262 /* Frameworks */ = {
			isa = PBXFrameworksBuildPhase;
			buildActionMask = 2147483647;
			files = (
			);
			runOnlyForDeploymentPostprocessing = 0;
		};
		E08469682B91118500D5B87C /* Frameworks */ = {
			isa = PBXFrameworksBuildPhase;
			buildActionMask = 2147483647;
			files = (
				E0573E2A2BDE669100258262 /* Kingfisher in Frameworks */,
				E02345082BCDB62C00CE13B2 /* ProgressHUD in Frameworks */,
				E0573E2D2BDE94E300258262 /* SwiftKeychainWrapper in Frameworks */,
			);
			runOnlyForDeploymentPostprocessing = 0;
		};
/* End PBXFrameworksBuildPhase section */

/* Begin PBXGroup section */
		E02345092BCF0F7500CE13B2 /* UIBlocking+ProgressHUD */ = {
			isa = PBXGroup;
			children = (
				E023450A2BCF0F9A00CE13B2 /* UIBlockingProgressHUD.swift */,
			);
			path = "UIBlocking+ProgressHUD";
			sourceTree = "<group>";
		};
		E023450C2BD050A200CE13B2 /* ProfileService */ = {
			isa = PBXGroup;
			children = (
				E023450D2BD050B700CE13B2 /* ProfileService.swift */,
				E02345142BD3A02700CE13B2 /* ProfileImageService.swift */,
			);
			path = ProfileService;
			sourceTree = "<group>";
		};
		E02345132BD054DE00CE13B2 /* ProfileViewController */ = {
			isa = PBXGroup;
			children = (
				E0C6E63E2BA4CC3A00FE1048 /* ProfileViewController.swift */,
			);
			path = ProfileViewController;
			sourceTree = "<group>";
		};
		E02345182BDD7BF900CE13B2 /* AlertPresenter */ = {
			isa = PBXGroup;
			children = (
				E02345192BDD7C3B00CE13B2 /* AlertPresenter.swift */,
			);
			path = AlertPresenter;
			sourceTree = "<group>";
		};
		E0573E2E2BDEA1BB00258262 /* TabBar */ = {
			isa = PBXGroup;
			children = (
				E0573E2F2BDEA1D300258262 /* TabBarController.swift */,
			);
			path = TabBar;
			sourceTree = "<group>";
		};
		E08469622B91118500D5B87C = {
			isa = PBXGroup;
			children = (
				E084696D2B91118500D5B87C /* ImageFeed */,
				E084696C2B91118500D5B87C /* Products */,
			);
			sourceTree = "<group>";
		};
		E084696C2B91118500D5B87C /* Products */ = {
			isa = PBXGroup;
			children = (
				E084696B2B91118500D5B87C /* ImageFeed.app */,
				E0573E3B2BEAB34E00258262 /* ImageFeedTests.xctest */,
			);
			name = Products;
			sourceTree = "<group>";
		};
		E084696D2B91118500D5B87C /* ImageFeed */ = {
			isa = PBXGroup;
			children = (
				E084696E2B91118500D5B87C /* AppDelegate.swift */,
				E08469702B91118500D5B87C /* SceneDelegate.swift */,
				E02345182BDD7BF900CE13B2 /* AlertPresenter */,
				E0C6E6572BC32C0B00FE1048 /* Models */,
				E0C6E6542BC3216700FE1048 /* Helpers */,
				E0C6E65E2BCA68A100FE1048 /* SplashViewController */,
				E0C6E6462BBC738800FE1048 /* Auth */,
				E0573E2E2BDEA1BB00258262 /* TabBar */,
				E0C6E6402BA4D9BE00FE1048 /* Profile */,
				E08469A52B9E191300D5B87C /* ImagesList */,
				E0C6E6412BA74E1600FE1048 /* SingleImage */,
				E08469742B91118500D5B87C /* Main.storyboard */,
				E08469772B91118600D5B87C /* Assets.xcassets */,
				E08469792B91118600D5B87C /* LaunchScreen.storyboard */,
				E084697C2B91118600D5B87C /* Info.plist */,
			);
			path = ImageFeed;
			sourceTree = "<group>";
		};
		E08469A52B9E191300D5B87C /* ImagesList */ = {
			isa = PBXGroup;
			children = (
				E08469722B91118500D5B87C /* ImagesListViewController.swift */,
				E08469A32B9E18AC00D5B87C /* ImagesListCell.swift */,
				E0573E352BE95F6300258262 /* ImagesListService.swift */,
			);
			path = ImagesList;
			sourceTree = "<group>";
		};
		E0C6E6402BA4D9BE00FE1048 /* Profile */ = {
			isa = PBXGroup;
			children = (
				E02345132BD054DE00CE13B2 /* ProfileViewController */,
				E023450C2BD050A200CE13B2 /* ProfileService */,
			);
			path = Profile;
			sourceTree = "<group>";
		};
		E0C6E6412BA74E1600FE1048 /* SingleImage */ = {
			isa = PBXGroup;
			children = (
				E0C6E6422BA74E2E00FE1048 /* SingleImageViewController.swift */,
			);
			path = SingleImage;
			sourceTree = "<group>";
		};
		E0C6E6462BBC738800FE1048 /* Auth */ = {
			isa = PBXGroup;
			children = (
				E02345092BCF0F7500CE13B2 /* UIBlocking+ProgressHUD */,
				E0C6E6612BCA699A00FE1048 /* OAuth2 */,
				E0C6E6602BCA695F00FE1048 /* AuthViewController */,
				E0C6E65F2BCA68FB00FE1048 /* WebViewViewController */,
			);
			path = Auth;
			sourceTree = "<group>";
		};
		E0C6E6542BC3216700FE1048 /* Helpers */ = {
			isa = PBXGroup;
			children = (
				E0C6E6442BB7F01200FE1048 /* Constants.swift */,
				E0C6E6552BC321B500FE1048 /* URLSession+data+extension.swift */,
			);
			path = Helpers;
			sourceTree = "<group>";
		};
		E0C6E6572BC32C0B00FE1048 /* Models */ = {
			isa = PBXGroup;
			children = (
				E0C6E6582BC32C3200FE1048 /* OAuthTokenResponseBody.swift */,
				E023450F2BD0519F00CE13B2 /* MeResponseBody.swift */,
				E02345112BD0534E00CE13B2 /* Profile.swift */,
				E02345162BD3A89000CE13B2 /* PublicUserProfile.swift */,
				E0573E312BE95E1500258262 /* PhotoResult.swift */,
				E0573E332BE95EE900258262 /* Photos.swift */,
			);
			path = Models;
			sourceTree = "<group>";
		};
		E0C6E65E2BCA68A100FE1048 /* SplashViewController */ = {
			isa = PBXGroup;
			children = (
				E0C6E65C2BCA628900FE1048 /* SplashViewController.swift */,
			);
			path = SplashViewController;
			sourceTree = "<group>";
		};
		E0C6E65F2BCA68FB00FE1048 /* WebViewViewController */ = {
			isa = PBXGroup;
			children = (
				E0C6E64F2BC06AA000FE1048 /* AuthProtocol.swift */,
				E0C6E6492BBC92AB00FE1048 /* WebViewViewController.swift */,
			);
			path = WebViewViewController;
			sourceTree = "<group>";
		};
		E0C6E6602BCA695F00FE1048 /* AuthViewController */ = {
			isa = PBXGroup;
			children = (
				E0C6E6472BBC73C300FE1048 /* AuthViewController.swift */,
				E0C6E6622BCAACE800FE1048 /* AuthViewControllerDelegate.swift */,
			);
			path = AuthViewController;
			sourceTree = "<group>";
		};
		E0C6E6612BCA699A00FE1048 /* OAuth2 */ = {
			isa = PBXGroup;
			children = (
				E0C6E6522BC1876300FE1048 /* OAuth2Service.swift */,
				E0C6E65A2BC8632C00FE1048 /* OAuth2TokenStorage.swift */,
			);
			path = OAuth2;
			sourceTree = "<group>";
		};
/* End PBXGroup section */

/* Begin PBXNativeTarget section */
		E0573E3A2BEAB34E00258262 /* ImageFeedTests */ = {
			isa = PBXNativeTarget;
			buildConfigurationList = E0573E412BEAB34E00258262 /* Build configuration list for PBXNativeTarget "ImageFeedTests" */;
			buildPhases = (
				E0573E372BEAB34E00258262 /* Sources */,
				E0573E382BEAB34E00258262 /* Frameworks */,
				E0573E392BEAB34E00258262 /* Resources */,
			);
			buildRules = (
			);
			dependencies = (
				E0573E402BEAB34E00258262 /* PBXTargetDependency */,
			);
			name = ImageFeedTests;
			productName = ImageFeedTests;
			productReference = E0573E3B2BEAB34E00258262 /* ImageFeedTests.xctest */;
			productType = "com.apple.product-type.bundle.unit-test";
		};
		E084696A2B91118500D5B87C /* ImageFeed */ = {
			isa = PBXNativeTarget;
			buildConfigurationList = E084697F2B91118600D5B87C /* Build configuration list for PBXNativeTarget "ImageFeed" */;
			buildPhases = (
				E08469672B91118500D5B87C /* Sources */,
				E08469682B91118500D5B87C /* Frameworks */,
				E08469692B91118500D5B87C /* Resources */,
			);
			buildRules = (
			);
			dependencies = (
			);
			name = ImageFeed;
			packageProductDependencies = (
				E02345072BCDB62C00CE13B2 /* ProgressHUD */,
				E0573E292BDE669100258262 /* Kingfisher */,
				E0573E2C2BDE94E300258262 /* SwiftKeychainWrapper */,
			);
			productName = ImageFeed;
			productReference = E084696B2B91118500D5B87C /* ImageFeed.app */;
			productType = "com.apple.product-type.application";
		};
/* End PBXNativeTarget section */

/* Begin PBXProject section */
		E08469632B91118500D5B87C /* Project object */ = {
			isa = PBXProject;
			attributes = {
				BuildIndependentTargetsInParallel = 1;
				LastSwiftUpdateCheck = 1500;
				LastUpgradeCheck = 1500;
				TargetAttributes = {
					E0573E3A2BEAB34E00258262 = {
						CreatedOnToolsVersion = 15.0.1;
						TestTargetID = E084696A2B91118500D5B87C;
					};
					E084696A2B91118500D5B87C = {
						CreatedOnToolsVersion = 15.0.1;
					};
				};
			};
			buildConfigurationList = E08469662B91118500D5B87C /* Build configuration list for PBXProject "ImageFeed" */;
			compatibilityVersion = "Xcode 14.0";
			developmentRegion = en;
			hasScannedForEncodings = 0;
			knownRegions = (
				en,
				Base,
			);
			mainGroup = E08469622B91118500D5B87C;
			packageReferences = (
				E02345062BCDB62C00CE13B2 /* XCRemoteSwiftPackageReference "ProgressHUD" */,
				E0573E282BDE669100258262 /* XCRemoteSwiftPackageReference "Kingfisher" */,
				E0573E2B2BDE94E300258262 /* XCRemoteSwiftPackageReference "SwiftKeychainWrapper" */,
			);
			productRefGroup = E084696C2B91118500D5B87C /* Products */;
			projectDirPath = "";
			projectRoot = "";
			targets = (
				E084696A2B91118500D5B87C /* ImageFeed */,
				E0573E3A2BEAB34E00258262 /* ImageFeedTests */,
			);
		};
/* End PBXProject section */

/* Begin PBXResourcesBuildPhase section */
		E0573E392BEAB34E00258262 /* Resources */ = {
			isa = PBXResourcesBuildPhase;
			buildActionMask = 2147483647;
			files = (
			);
			runOnlyForDeploymentPostprocessing = 0;
		};
		E08469692B91118500D5B87C /* Resources */ = {
			isa = PBXResourcesBuildPhase;
			buildActionMask = 2147483647;
			files = (
				E084697B2B91118600D5B87C /* LaunchScreen.storyboard in Resources */,
				E08469782B91118600D5B87C /* Assets.xcassets in Resources */,
				E08469762B91118500D5B87C /* Main.storyboard in Resources */,
			);
			runOnlyForDeploymentPostprocessing = 0;
		};
/* End PBXResourcesBuildPhase section */

/* Begin PBXSourcesBuildPhase section */
		E0573E372BEAB34E00258262 /* Sources */ = {
			isa = PBXSourcesBuildPhase;
			buildActionMask = 2147483647;
			files = (
			);
			runOnlyForDeploymentPostprocessing = 0;
		};
		E08469672B91118500D5B87C /* Sources */ = {
			isa = PBXSourcesBuildPhase;
			buildActionMask = 2147483647;
			files = (
				E08469732B91118500D5B87C /* ImagesListViewController.swift in Sources */,
				E02345122BD0534E00CE13B2 /* Profile.swift in Sources */,
				E0C6E6502BC06AA000FE1048 /* AuthProtocol.swift in Sources */,
				E08469A42B9E18AC00D5B87C /* ImagesListCell.swift in Sources */,
				E0C6E63F2BA4CC3A00FE1048 /* ProfileViewController.swift in Sources */,
				E0C6E6532BC1876300FE1048 /* OAuth2Service.swift in Sources */,
				E0C6E6632BCAACE800FE1048 /* AuthViewControllerDelegate.swift in Sources */,
				E0C6E6592BC32C3200FE1048 /* OAuthTokenResponseBody.swift in Sources */,
				E0C6E65B2BC8632C00FE1048 /* OAuth2TokenStorage.swift in Sources */,
				E0573E302BDEA1D300258262 /* TabBarController.swift in Sources */,
				E02345172BD3A89000CE13B2 /* PublicUserProfile.swift in Sources */,
				E0573E322BE95E1500258262 /* PhotoResult.swift in Sources */,
				E084696F2B91118500D5B87C /* AppDelegate.swift in Sources */,
				E0C6E6482BBC73C300FE1048 /* AuthViewController.swift in Sources */,
				E0C6E65D2BCA628900FE1048 /* SplashViewController.swift in Sources */,
				E023450E2BD050B700CE13B2 /* ProfileService.swift in Sources */,
				E0C6E6452BB7F01200FE1048 /* Constants.swift in Sources */,
				E023451A2BDD7C3B00CE13B2 /* AlertPresenter.swift in Sources */,
				E0C6E6432BA74E2E00FE1048 /* SingleImageViewController.swift in Sources */,
				E02345152BD3A02700CE13B2 /* ProfileImageService.swift in Sources */,
				E0573E342BE95EE900258262 /* Photos.swift in Sources */,
				E0C6E64A2BBC92AB00FE1048 /* WebViewViewController.swift in Sources */,
				E0573E362BE95F6300258262 /* ImagesListService.swift in Sources */,
				E0C6E6562BC321B500FE1048 /* URLSession+data+extension.swift in Sources */,
				E08469712B91118500D5B87C /* SceneDelegate.swift in Sources */,
				E02345102BD0519F00CE13B2 /* MeResponseBody.swift in Sources */,
				E023450B2BCF0F9A00CE13B2 /* UIBlockingProgressHUD.swift in Sources */,
			);
			runOnlyForDeploymentPostprocessing = 0;
		};
/* End PBXSourcesBuildPhase section */

/* Begin PBXTargetDependency section */
		E0573E402BEAB34E00258262 /* PBXTargetDependency */ = {
			isa = PBXTargetDependency;
			target = E084696A2B91118500D5B87C /* ImageFeed */;
			targetProxy = E0573E3F2BEAB34E00258262 /* PBXContainerItemProxy */;
		};
/* End PBXTargetDependency section */

/* Begin PBXVariantGroup section */
		E08469742B91118500D5B87C /* Main.storyboard */ = {
			isa = PBXVariantGroup;
			children = (
				E08469752B91118500D5B87C /* Base */,
			);
			name = Main.storyboard;
			sourceTree = "<group>";
		};
		E08469792B91118600D5B87C /* LaunchScreen.storyboard */ = {
			isa = PBXVariantGroup;
			children = (
				E084697A2B91118600D5B87C /* Base */,
			);
			name = LaunchScreen.storyboard;
			sourceTree = "<group>";
		};
/* End PBXVariantGroup section */

/* Begin XCBuildConfiguration section */
		E0573E422BEAB34E00258262 /* Debug */ = {
			isa = XCBuildConfiguration;
			buildSettings = {
				BUNDLE_LOADER = "$(TEST_HOST)";
				CODE_SIGN_STYLE = Automatic;
				CURRENT_PROJECT_VERSION = 1;
				DEVELOPMENT_TEAM = 4G67MDM462;
				GENERATE_INFOPLIST_FILE = YES;
				IPHONEOS_DEPLOYMENT_TARGET = 17.0;
				MARKETING_VERSION = 1.0;
				PRODUCT_BUNDLE_IDENTIFIER = "ru.yandex.practicum.image-feed.ImageFeedTests";
				PRODUCT_NAME = "$(TARGET_NAME)";
				SWIFT_EMIT_LOC_STRINGS = NO;
				SWIFT_VERSION = 5.0;
				TARGETED_DEVICE_FAMILY = "1,2";
				TEST_HOST = "$(BUILT_PRODUCTS_DIR)/ImageFeed.app/$(BUNDLE_EXECUTABLE_FOLDER_PATH)/ImageFeed";
			};
			name = Debug;
		};
		E0573E432BEAB34E00258262 /* Release */ = {
			isa = XCBuildConfiguration;
			buildSettings = {
				BUNDLE_LOADER = "$(TEST_HOST)";
				CODE_SIGN_STYLE = Automatic;
				CURRENT_PROJECT_VERSION = 1;
				DEVELOPMENT_TEAM = 4G67MDM462;
				GENERATE_INFOPLIST_FILE = YES;
				IPHONEOS_DEPLOYMENT_TARGET = 17.0;
				MARKETING_VERSION = 1.0;
				PRODUCT_BUNDLE_IDENTIFIER = "ru.yandex.practicum.image-feed.ImageFeedTests";
				PRODUCT_NAME = "$(TARGET_NAME)";
				SWIFT_EMIT_LOC_STRINGS = NO;
				SWIFT_VERSION = 5.0;
				TARGETED_DEVICE_FAMILY = "1,2";
				TEST_HOST = "$(BUILT_PRODUCTS_DIR)/ImageFeed.app/$(BUNDLE_EXECUTABLE_FOLDER_PATH)/ImageFeed";
			};
			name = Release;
		};
		E084697D2B91118600D5B87C /* Debug */ = {
			isa = XCBuildConfiguration;
			buildSettings = {
				ALWAYS_SEARCH_USER_PATHS = NO;
				ASSETCATALOG_COMPILER_GENERATE_SWIFT_ASSET_SYMBOL_EXTENSIONS = YES;
				CLANG_ANALYZER_NONNULL = YES;
				CLANG_ANALYZER_NUMBER_OBJECT_CONVERSION = YES_AGGRESSIVE;
				CLANG_CXX_LANGUAGE_STANDARD = "gnu++20";
				CLANG_ENABLE_MODULES = YES;
				CLANG_ENABLE_OBJC_ARC = YES;
				CLANG_ENABLE_OBJC_WEAK = YES;
				CLANG_WARN_BLOCK_CAPTURE_AUTORELEASING = YES;
				CLANG_WARN_BOOL_CONVERSION = YES;
				CLANG_WARN_COMMA = YES;
				CLANG_WARN_CONSTANT_CONVERSION = YES;
				CLANG_WARN_DEPRECATED_OBJC_IMPLEMENTATIONS = YES;
				CLANG_WARN_DIRECT_OBJC_ISA_USAGE = YES_ERROR;
				CLANG_WARN_DOCUMENTATION_COMMENTS = YES;
				CLANG_WARN_EMPTY_BODY = YES;
				CLANG_WARN_ENUM_CONVERSION = YES;
				CLANG_WARN_INFINITE_RECURSION = YES;
				CLANG_WARN_INT_CONVERSION = YES;
				CLANG_WARN_NON_LITERAL_NULL_CONVERSION = YES;
				CLANG_WARN_OBJC_IMPLICIT_RETAIN_SELF = YES;
				CLANG_WARN_OBJC_LITERAL_CONVERSION = YES;
				CLANG_WARN_OBJC_ROOT_CLASS = YES_ERROR;
				CLANG_WARN_QUOTED_INCLUDE_IN_FRAMEWORK_HEADER = YES;
				CLANG_WARN_RANGE_LOOP_ANALYSIS = YES;
				CLANG_WARN_STRICT_PROTOTYPES = YES;
				CLANG_WARN_SUSPICIOUS_MOVE = YES;
				CLANG_WARN_UNGUARDED_AVAILABILITY = YES_AGGRESSIVE;
				CLANG_WARN_UNREACHABLE_CODE = YES;
				CLANG_WARN__DUPLICATE_METHOD_MATCH = YES;
				COPY_PHASE_STRIP = NO;
				DEBUG_INFORMATION_FORMAT = dwarf;
				ENABLE_STRICT_OBJC_MSGSEND = YES;
				ENABLE_TESTABILITY = YES;
				ENABLE_USER_SCRIPT_SANDBOXING = YES;
				GCC_C_LANGUAGE_STANDARD = gnu17;
				GCC_DYNAMIC_NO_PIC = NO;
				GCC_NO_COMMON_BLOCKS = YES;
				GCC_OPTIMIZATION_LEVEL = 0;
				GCC_PREPROCESSOR_DEFINITIONS = (
					"DEBUG=1",
					"$(inherited)",
				);
				GCC_WARN_64_TO_32_BIT_CONVERSION = YES;
				GCC_WARN_ABOUT_RETURN_TYPE = YES_ERROR;
				GCC_WARN_UNDECLARED_SELECTOR = YES;
				GCC_WARN_UNINITIALIZED_AUTOS = YES_AGGRESSIVE;
				GCC_WARN_UNUSED_FUNCTION = YES;
				GCC_WARN_UNUSED_VARIABLE = YES;
				IPHONEOS_DEPLOYMENT_TARGET = 13.0;
				LOCALIZATION_PREFERS_STRING_CATALOGS = YES;
				MTL_ENABLE_DEBUG_INFO = INCLUDE_SOURCE;
				MTL_FAST_MATH = YES;
				ONLY_ACTIVE_ARCH = YES;
				SDKROOT = iphoneos;
				SWIFT_ACTIVE_COMPILATION_CONDITIONS = "DEBUG $(inherited)";
				SWIFT_OPTIMIZATION_LEVEL = "-Onone";
			};
			name = Debug;
		};
		E084697E2B91118600D5B87C /* Release */ = {
			isa = XCBuildConfiguration;
			buildSettings = {
				ALWAYS_SEARCH_USER_PATHS = NO;
				ASSETCATALOG_COMPILER_GENERATE_SWIFT_ASSET_SYMBOL_EXTENSIONS = YES;
				CLANG_ANALYZER_NONNULL = YES;
				CLANG_ANALYZER_NUMBER_OBJECT_CONVERSION = YES_AGGRESSIVE;
				CLANG_CXX_LANGUAGE_STANDARD = "gnu++20";
				CLANG_ENABLE_MODULES = YES;
				CLANG_ENABLE_OBJC_ARC = YES;
				CLANG_ENABLE_OBJC_WEAK = YES;
				CLANG_WARN_BLOCK_CAPTURE_AUTORELEASING = YES;
				CLANG_WARN_BOOL_CONVERSION = YES;
				CLANG_WARN_COMMA = YES;
				CLANG_WARN_CONSTANT_CONVERSION = YES;
				CLANG_WARN_DEPRECATED_OBJC_IMPLEMENTATIONS = YES;
				CLANG_WARN_DIRECT_OBJC_ISA_USAGE = YES_ERROR;
				CLANG_WARN_DOCUMENTATION_COMMENTS = YES;
				CLANG_WARN_EMPTY_BODY = YES;
				CLANG_WARN_ENUM_CONVERSION = YES;
				CLANG_WARN_INFINITE_RECURSION = YES;
				CLANG_WARN_INT_CONVERSION = YES;
				CLANG_WARN_NON_LITERAL_NULL_CONVERSION = YES;
				CLANG_WARN_OBJC_IMPLICIT_RETAIN_SELF = YES;
				CLANG_WARN_OBJC_LITERAL_CONVERSION = YES;
				CLANG_WARN_OBJC_ROOT_CLASS = YES_ERROR;
				CLANG_WARN_QUOTED_INCLUDE_IN_FRAMEWORK_HEADER = YES;
				CLANG_WARN_RANGE_LOOP_ANALYSIS = YES;
				CLANG_WARN_STRICT_PROTOTYPES = YES;
				CLANG_WARN_SUSPICIOUS_MOVE = YES;
				CLANG_WARN_UNGUARDED_AVAILABILITY = YES_AGGRESSIVE;
				CLANG_WARN_UNREACHABLE_CODE = YES;
				CLANG_WARN__DUPLICATE_METHOD_MATCH = YES;
				COPY_PHASE_STRIP = NO;
				DEBUG_INFORMATION_FORMAT = "dwarf-with-dsym";
				ENABLE_NS_ASSERTIONS = NO;
				ENABLE_STRICT_OBJC_MSGSEND = YES;
				ENABLE_USER_SCRIPT_SANDBOXING = YES;
				GCC_C_LANGUAGE_STANDARD = gnu17;
				GCC_NO_COMMON_BLOCKS = YES;
				GCC_WARN_64_TO_32_BIT_CONVERSION = YES;
				GCC_WARN_ABOUT_RETURN_TYPE = YES_ERROR;
				GCC_WARN_UNDECLARED_SELECTOR = YES;
				GCC_WARN_UNINITIALIZED_AUTOS = YES_AGGRESSIVE;
				GCC_WARN_UNUSED_FUNCTION = YES;
				GCC_WARN_UNUSED_VARIABLE = YES;
				IPHONEOS_DEPLOYMENT_TARGET = 13.0;
				LOCALIZATION_PREFERS_STRING_CATALOGS = YES;
				MTL_ENABLE_DEBUG_INFO = NO;
				MTL_FAST_MATH = YES;
				SDKROOT = iphoneos;
				SWIFT_COMPILATION_MODE = wholemodule;
				VALIDATE_PRODUCT = YES;
			};
			name = Release;
		};
		E08469802B91118600D5B87C /* Debug */ = {
			isa = XCBuildConfiguration;
			buildSettings = {
				ASSETCATALOG_COMPILER_APPICON_NAME = AppIcon;
				ASSETCATALOG_COMPILER_GLOBAL_ACCENT_COLOR_NAME = AccentColor;
				CODE_SIGN_STYLE = Automatic;
				CURRENT_PROJECT_VERSION = 1;
				DEVELOPMENT_TEAM = 4G67MDM462;
				GENERATE_INFOPLIST_FILE = YES;
				INFOPLIST_FILE = ImageFeed/Info.plist;
				INFOPLIST_KEY_LSApplicationCategoryType = "";
				INFOPLIST_KEY_UIApplicationSupportsIndirectInputEvents = YES;
				INFOPLIST_KEY_UILaunchStoryboardName = LaunchScreen;
				INFOPLIST_KEY_UIMainStoryboardFile = Main;
				INFOPLIST_KEY_UISupportedInterfaceOrientations = UIInterfaceOrientationPortrait;
				INFOPLIST_KEY_UISupportedInterfaceOrientations_iPad = "UIInterfaceOrientationLandscapeLeft UIInterfaceOrientationLandscapeRight UIInterfaceOrientationPortrait UIInterfaceOrientationPortraitUpsideDown";
				IPHONEOS_DEPLOYMENT_TARGET = 13.0;
				LD_RUNPATH_SEARCH_PATHS = (
					"$(inherited)",
					"@executable_path/Frameworks",
				);
				MARKETING_VERSION = 1.0;
				PRODUCT_BUNDLE_IDENTIFIER = ru.yandex.practicum.gimon.ImageFeed;
				PRODUCT_NAME = "$(TARGET_NAME)";
				SUPPORTED_PLATFORMS = "iphoneos iphonesimulator";
				SUPPORTS_MACCATALYST = NO;
				SUPPORTS_MAC_DESIGNED_FOR_IPHONE_IPAD = NO;
				SWIFT_EMIT_LOC_STRINGS = YES;
				SWIFT_VERSION = 5.0;
				TARGETED_DEVICE_FAMILY = 1;
			};
			name = Debug;
		};
		E08469812B91118600D5B87C /* Release */ = {
			isa = XCBuildConfiguration;
			buildSettings = {
				ASSETCATALOG_COMPILER_APPICON_NAME = AppIcon;
				ASSETCATALOG_COMPILER_GLOBAL_ACCENT_COLOR_NAME = AccentColor;
				CODE_SIGN_STYLE = Automatic;
				CURRENT_PROJECT_VERSION = 1;
				DEVELOPMENT_TEAM = 4G67MDM462;
				GENERATE_INFOPLIST_FILE = YES;
				INFOPLIST_FILE = ImageFeed/Info.plist;
				INFOPLIST_KEY_LSApplicationCategoryType = "";
				INFOPLIST_KEY_UIApplicationSupportsIndirectInputEvents = YES;
				INFOPLIST_KEY_UILaunchStoryboardName = LaunchScreen;
				INFOPLIST_KEY_UIMainStoryboardFile = Main;
				INFOPLIST_KEY_UISupportedInterfaceOrientations = UIInterfaceOrientationPortrait;
				INFOPLIST_KEY_UISupportedInterfaceOrientations_iPad = "UIInterfaceOrientationLandscapeLeft UIInterfaceOrientationLandscapeRight UIInterfaceOrientationPortrait UIInterfaceOrientationPortraitUpsideDown";
				IPHONEOS_DEPLOYMENT_TARGET = 13.0;
				LD_RUNPATH_SEARCH_PATHS = (
					"$(inherited)",
					"@executable_path/Frameworks",
				);
				MARKETING_VERSION = 1.0;
				PRODUCT_BUNDLE_IDENTIFIER = ru.yandex.practicum.gimon.ImageFeed;
				PRODUCT_NAME = "$(TARGET_NAME)";
				SUPPORTED_PLATFORMS = "iphoneos iphonesimulator";
				SUPPORTS_MACCATALYST = NO;
				SUPPORTS_MAC_DESIGNED_FOR_IPHONE_IPAD = NO;
				SWIFT_EMIT_LOC_STRINGS = YES;
				SWIFT_VERSION = 5.0;
				TARGETED_DEVICE_FAMILY = 1;
			};
			name = Release;
		};
/* End XCBuildConfiguration section */

/* Begin XCConfigurationList section */
		E0573E412BEAB34E00258262 /* Build configuration list for PBXNativeTarget "ImageFeedTests" */ = {
			isa = XCConfigurationList;
			buildConfigurations = (
				E0573E422BEAB34E00258262 /* Debug */,
				E0573E432BEAB34E00258262 /* Release */,
			);
			defaultConfigurationIsVisible = 0;
			defaultConfigurationName = Release;
		};
		E08469662B91118500D5B87C /* Build configuration list for PBXProject "ImageFeed" */ = {
			isa = XCConfigurationList;
			buildConfigurations = (
				E084697D2B91118600D5B87C /* Debug */,
				E084697E2B91118600D5B87C /* Release */,
			);
			defaultConfigurationIsVisible = 0;
			defaultConfigurationName = Release;
		};
		E084697F2B91118600D5B87C /* Build configuration list for PBXNativeTarget "ImageFeed" */ = {
			isa = XCConfigurationList;
			buildConfigurations = (
				E08469802B91118600D5B87C /* Debug */,
				E08469812B91118600D5B87C /* Release */,
			);
			defaultConfigurationIsVisible = 0;
			defaultConfigurationName = Release;
		};
/* End XCConfigurationList section */

/* Begin XCRemoteSwiftPackageReference section */
		E02345062BCDB62C00CE13B2 /* XCRemoteSwiftPackageReference "ProgressHUD" */ = {
			isa = XCRemoteSwiftPackageReference;
			repositoryURL = "https://github.com/relatedcode/ProgressHUD";
			requirement = {
				kind = exactVersion;
				version = 13.8.6;
			};
		};
		E0573E282BDE669100258262 /* XCRemoteSwiftPackageReference "Kingfisher" */ = {
			isa = XCRemoteSwiftPackageReference;
			repositoryURL = "https://github.com/onevcat/Kingfisher";
			requirement = {
				kind = exactVersion;
				version = 7.11.0;
			};
		};
		E0573E2B2BDE94E300258262 /* XCRemoteSwiftPackageReference "SwiftKeychainWrapper" */ = {
			isa = XCRemoteSwiftPackageReference;
			repositoryURL = "https://github.com/jrendel/SwiftKeychainWrapper";
			requirement = {
				kind = exactVersion;
				version = 4.0.1;
			};
		};
/* End XCRemoteSwiftPackageReference section */

/* Begin XCSwiftPackageProductDependency section */
		E02345072BCDB62C00CE13B2 /* ProgressHUD */ = {
			isa = XCSwiftPackageProductDependency;
			package = E02345062BCDB62C00CE13B2 /* XCRemoteSwiftPackageReference "ProgressHUD" */;
			productName = ProgressHUD;
		};
		E0573E292BDE669100258262 /* Kingfisher */ = {
			isa = XCSwiftPackageProductDependency;
			package = E0573E282BDE669100258262 /* XCRemoteSwiftPackageReference "Kingfisher" */;
			productName = Kingfisher;
		};
		E0573E2C2BDE94E300258262 /* SwiftKeychainWrapper */ = {
			isa = XCSwiftPackageProductDependency;
			package = E0573E2B2BDE94E300258262 /* XCRemoteSwiftPackageReference "SwiftKeychainWrapper" */;
			productName = SwiftKeychainWrapper;
		};
/* End XCSwiftPackageProductDependency section */
	};
	rootObject = E08469632B91118500D5B87C /* Project object */;
}
